
Microsoft Visual Studio Solution File, Format Version 12.00
# Visual Studio Version 16
VisualStudioVersion = 16.0.30523.141
MinimumVisualStudioVersion = 10.0.40219.1
Project("{FAE04EC0-301F-11D3-BF4B-00C04F79EFBC}") = "CANFinder", "CANFinder.csproj", "{9CCC1E51-476B-4F79-989A-88626986A4D2}"
EndProject
Global
	GlobalSection(SolutionConfigurationPlatforms) = preSolution
		Debug|Any CPU = Debug|Any CPU
		Release|Any CPU = Release|Any CPU
	EndGlobalSection
	GlobalSection(ProjectConfigurationPlatforms) = postSolution
		{9CCC1E51-476B-4F79-989A-88626986A4D2}.Debug|Any CPU.ActiveCfg = Debug|Any CPU
		{9CCC1E51-476B-4F79-989A-88626986A4D2}.Debug|Any CPU.Build.0 = Debug|Any CPU
		{9CCC1E51-476B-4F79-989A-88626986A4D2}.Release|Any CPU.ActiveCfg = Release|Any CPU
		{9CCC1E51-476B-4F79-989A-88626986A4D2}.Release|Any CPU.Build.0 = Release|Any CPU
	EndGlobalSection
	GlobalSection(SolutionProperties) = preSolution
		HideSolutionNode = FALSE
	EndGlobalSection
	GlobalSection(ExtensibilityGlobals) = postSolution
		SolutionGuid = {1B75467E-6E47-41FB-AE55-349016CB7C8A}
	EndGlobalSection
EndGlobal
